// !$*UTF8*$!
{
	archiveVersion = 1;
	classes = {
	};
	objectVersion = 42;
	objects = {

/* Begin PBXBuildFile section */
		2227DBD50A65C37600AD0849 /* RBSplitView.m in Sources */ = {isa = PBXBuildFile; fileRef = 2227DBD10A65C37600AD0849 /* RBSplitView.m */; };
		2227DBD60A65C37600AD0849 /* RBSplitSubview.m in Sources */ = {isa = PBXBuildFile; fileRef = 2227DBD40A65C37600AD0849 /* RBSplitSubview.m */; };
		223A62D00BC48B8D00DB54F9 /* DBPrefsWindowController.h in CopyFiles */ = {isa = PBXBuildFile; fileRef = 223A62CE0BC48B8D00DB54F9 /* DBPrefsWindowController.h */; };
		223A62D10BC48B8D00DB54F9 /* DBPrefsWindowController.m in Sources */ = {isa = PBXBuildFile; fileRef = 223A62CF0BC48B8D00DB54F9 /* DBPrefsWindowController.m */; };
		223A62D40BC48BBD00DB54F9 /* ReggyPrefsWindowController.h in CopyFiles */ = {isa = PBXBuildFile; fileRef = 223A62D20BC48BBD00DB54F9 /* ReggyPrefsWindowController.h */; };
		223A62D50BC48BBD00DB54F9 /* ReggyPrefsWindowController.m in Sources */ = {isa = PBXBuildFile; fileRef = 223A62D30BC48BBD00DB54F9 /* ReggyPrefsWindowController.m */; };
		223A62E50BC48CF800DB54F9 /* Preferences.nib in Resources */ = {isa = PBXBuildFile; fileRef = 223A62E40BC48CF800DB54F9 /* Preferences.nib */; };
		223A62ED0BC4908800DB54F9 /* Updates.tiff in Resources */ = {isa = PBXBuildFile; fileRef = 223A62E90BC4908800DB54F9 /* Updates.tiff */; };
		223A62EE0BC4908800DB54F9 /* Colors.tiff in Resources */ = {isa = PBXBuildFile; fileRef = 223A62EA0BC4908800DB54F9 /* Colors.tiff */; };
		223A62EF0BC4908800DB54F9 /* Advanced.png in Resources */ = {isa = PBXBuildFile; fileRef = 223A62EB0BC4908800DB54F9 /* Advanced.png */; };
		223A62F00BC4908800DB54F9 /* General.png in Resources */ = {isa = PBXBuildFile; fileRef = 223A62EC0BC4908800DB54F9 /* General.png */; };
		22410F680A6716CD0072CAA6 /* Reggy.icns in Resources */ = {isa = PBXBuildFile; fileRef = 22410F670A6716CD0072CAA6 /* Reggy.icns */; };
		227109E90C7DE24A00538922 /* SSToolbarResizeView.h in CopyFiles */ = {isa = PBXBuildFile; fileRef = 227109E70C7DE24A00538922 /* SSToolbarResizeView.h */; };
		227109EA0C7DE24A00538922 /* SSToolbarResizeView.m in Sources */ = {isa = PBXBuildFile; fileRef = 227109E80C7DE24A00538922 /* SSToolbarResizeView.m */; };
		227A70EE0C7E2AA60018FF35 /* itunes_buttons.png in Resources */ = {isa = PBXBuildFile; fileRef = 227A70ED0C7E2AA50018FF35 /* itunes_buttons.png */; };
		227A70F90C7E33D50018FF35 /* drawer_toggle_alt.png in Resources */ = {isa = PBXBuildFile; fileRef = 227A70F70C7E33D50018FF35 /* drawer_toggle_alt.png */; };
		227A70FA0C7E33D50018FF35 /* drawer_toggle.png in Resources */ = {isa = PBXBuildFile; fileRef = 227A70F80C7E33D50018FF35 /* drawer_toggle.png */; };
		228223040C7DD7E300A554BD /* NSBezierPath_SSAdditions.h in CopyFiles */ = {isa = PBXBuildFile; fileRef = 228223000C7DD7E300A554BD /* NSBezierPath_SSAdditions.h */; };
		228223050C7DD7E400A554BD /* NSBezierPath_SSAdditions.m in Sources */ = {isa = PBXBuildFile; fileRef = 228223010C7DD7E300A554BD /* NSBezierPath_SSAdditions.m */; };
		228223060C7DD7E400A554BD /* SSToolbarView.h in CopyFiles */ = {isa = PBXBuildFile; fileRef = 228223020C7DD7E300A554BD /* SSToolbarView.h */; };
		228223070C7DD7E400A554BD /* SSToolbarView.m in Sources */ = {isa = PBXBuildFile; fileRef = 228223030C7DD7E300A554BD /* SSToolbarView.m */; };
		228223240C7DD8C800A554BD /* Quartz.framework in Frameworks */ = {isa = PBXBuildFile; fileRef = 228223230C7DD8C800A554BD /* Quartz.framework */; };
		2283EF770A67D6A000B3EC50 /* error.png in Resources */ = {isa = PBXBuildFile; fileRef = 2283EF760A67D6A000B3EC50 /* error.png */; };
		229F24DB0C02A55300556CD2 /* Sparkle.framework in Frameworks */ = {isa = PBXBuildFile; fileRef = 229F24DA0C02A55300556CD2 /* Sparkle.framework */; };
		229F24F00C02A58500556CD2 /* Sparkle.framework in CopyFiles */ = {isa = PBXBuildFile; fileRef = 229F24DA0C02A55300556CD2 /* Sparkle.framework */; };
		22A61A3E0A66C510004DAC52 /* OgreKit.framework in CopyFiles */ = {isa = PBXBuildFile; fileRef = 22A61A160A66C4AD004DAC52 /* OgreKit.framework */; };
		22A61A410A66C532004DAC52 /* OgreKit.framework in Frameworks */ = {isa = PBXBuildFile; fileRef = 22A61A160A66C4AD004DAC52 /* OgreKit.framework */; };
		22AAF7E60A67404B002FE5E5 /* Credits.rtf in Resources */ = {isa = PBXBuildFile; fileRef = 22AAF7E50A67404B002FE5E5 /* Credits.rtf */; };
		22C64DBC0BA4F3D000DC4C4A /* Reggy.sdef in Resources */ = {isa = PBXBuildFile; fileRef = 22C64DBB0BA4F3D000DC4C4A /* Reggy.sdef */; };
		22C64EA10BA4FC4600DC4C4A /* ReggySuite.scriptSuite in Resources */ = {isa = PBXBuildFile; fileRef = 22C64E9F0BA4FC4600DC4C4A /* ReggySuite.scriptSuite */; };
		22C64EA20BA4FC4600DC4C4A /* ReggySuite.scriptTerminology in Resources */ = {isa = PBXBuildFile; fileRef = 22C64EA00BA4FC4600DC4C4A /* ReggySuite.scriptTerminology */; };
		22EB0B750C79F5A8009E882A /* plus-8.png in Resources */ = {isa = PBXBuildFile; fileRef = 22EB0B740C79F5A8009E882A /* plus-8.png */; };
		22F93FB10A65E6F8002339E4 /* ReggyController.m in Sources */ = {isa = PBXBuildFile; fileRef = 22F93FB00A65E6F8002339E4 /* ReggyController.m */; };
		8D11072A0486CEB800E47090 /* MainMenu.nib in Resources */ = {isa = PBXBuildFile; fileRef = 29B97318FDCFA39411CA2CEA /* MainMenu.nib */; };
		8D11072B0486CEB800E47090 /* InfoPlist.strings in Resources */ = {isa = PBXBuildFile; fileRef = 089C165CFE840E0CC02AAC07 /* InfoPlist.strings */; };
		8D11072D0486CEB800E47090 /* main.m in Sources */ = {isa = PBXBuildFile; fileRef = 29B97316FDCFA39411CA2CEA /* main.m */; settings = {ATTRIBUTES = (); }; };
		8D11072F0486CEB800E47090 /* Cocoa.framework in Frameworks */ = {isa = PBXBuildFile; fileRef = 1058C7A1FEA54F0111CA2CBB /* Cocoa.framework */; };
/* End PBXBuildFile section */

/* Begin PBXCopyFilesBuildPhase section */
		22A61A200A66C4F2004DAC52 /* CopyFiles */ = {
			isa = PBXCopyFilesBuildPhase;
			buildActionMask = 2147483647;
			dstPath = "";
			dstSubfolderSpec = 10;
			files = (
				229F24F00C02A58500556CD2 /* Sparkle.framework in CopyFiles */,
				22A61A3E0A66C510004DAC52 /* OgreKit.framework in CopyFiles */,
				223A62D00BC48B8D00DB54F9 /* DBPrefsWindowController.h in CopyFiles */,
				223A62D40BC48BBD00DB54F9 /* ReggyPrefsWindowController.h in CopyFiles */,
				228223040C7DD7E300A554BD /* NSBezierPath_SSAdditions.h in CopyFiles */,
				228223060C7DD7E400A554BD /* SSToolbarView.h in CopyFiles */,
				227109E90C7DE24A00538922 /* SSToolbarResizeView.h in CopyFiles */,
			);
			runOnlyForDeploymentPostprocessing = 0;
		};
/* End PBXCopyFilesBuildPhase section */

/* Begin PBXFileReference section */
		089C165DFE840E0CC02AAC07 /* English */ = {isa = PBXFileReference; fileEncoding = 10; lastKnownFileType = text.plist.strings; name = English; path = English.lproj/InfoPlist.strings; sourceTree = "<group>"; };
		1058C7A1FEA54F0111CA2CBB /* Cocoa.framework */ = {isa = PBXFileReference; lastKnownFileType = wrapper.framework; name = Cocoa.framework; path = /System/Library/Frameworks/Cocoa.framework; sourceTree = "<absolute>"; };
		13E42FB307B3F0F600E4EEF1 /* CoreData.framework */ = {isa = PBXFileReference; lastKnownFileType = wrapper.framework; name = CoreData.framework; path = /System/Library/Frameworks/CoreData.framework; sourceTree = "<absolute>"; };
		2227DBD00A65C37600AD0849 /* RBSplitViewPrivateDefines.h */ = {isa = PBXFileReference; fileEncoding = 4; lastKnownFileType = sourcecode.c.h; path = RBSplitViewPrivateDefines.h; sourceTree = "<group>"; };
		2227DBD10A65C37600AD0849 /* RBSplitView.m */ = {isa = PBXFileReference; fileEncoding = 4; lastKnownFileType = sourcecode.c.objc; path = RBSplitView.m; sourceTree = "<group>"; };
		2227DBD20A65C37600AD0849 /* RBSplitView.h */ = {isa = PBXFileReference; fileEncoding = 4; lastKnownFileType = sourcecode.c.h; path = RBSplitView.h; sourceTree = "<group>"; };
		2227DBD30A65C37600AD0849 /* RBSplitSubview.h */ = {isa = PBXFileReference; fileEncoding = 4; lastKnownFileType = sourcecode.c.h; path = RBSplitSubview.h; sourceTree = "<group>"; };
		2227DBD40A65C37600AD0849 /* RBSplitSubview.m */ = {isa = PBXFileReference; fileEncoding = 4; lastKnownFileType = sourcecode.c.objc; path = RBSplitSubview.m; sourceTree = "<group>"; };
		223A62CE0BC48B8D00DB54F9 /* DBPrefsWindowController.h */ = {isa = PBXFileReference; fileEncoding = 4; lastKnownFileType = sourcecode.c.h; path = DBPrefsWindowController.h; sourceTree = "<group>"; };
		223A62CF0BC48B8D00DB54F9 /* DBPrefsWindowController.m */ = {isa = PBXFileReference; fileEncoding = 4; lastKnownFileType = sourcecode.c.objc; path = DBPrefsWindowController.m; sourceTree = "<group>"; };
		223A62D20BC48BBD00DB54F9 /* ReggyPrefsWindowController.h */ = {isa = PBXFileReference; fileEncoding = 4; lastKnownFileType = sourcecode.c.h; path = ReggyPrefsWindowController.h; sourceTree = "<group>"; };
		223A62D30BC48BBD00DB54F9 /* ReggyPrefsWindowController.m */ = {isa = PBXFileReference; fileEncoding = 4; lastKnownFileType = sourcecode.c.objc; path = ReggyPrefsWindowController.m; sourceTree = "<group>"; };
		223A62E40BC48CF800DB54F9 /* Preferences.nib */ = {isa = PBXFileReference; lastKnownFileType = wrapper.nib; path = Preferences.nib; sourceTree = "<group>"; };
		223A62E90BC4908800DB54F9 /* Updates.tiff */ = {isa = PBXFileReference; lastKnownFileType = image.tiff; path = Updates.tiff; sourceTree = "<group>"; };
		223A62EA0BC4908800DB54F9 /* Colors.tiff */ = {isa = PBXFileReference; lastKnownFileType = image.tiff; path = Colors.tiff; sourceTree = "<group>"; };
		223A62EB0BC4908800DB54F9 /* Advanced.png */ = {isa = PBXFileReference; lastKnownFileType = image.png; path = Advanced.png; sourceTree = "<group>"; };
		223A62EC0BC4908800DB54F9 /* General.png */ = {isa = PBXFileReference; lastKnownFileType = image.png; path = General.png; sourceTree = "<group>"; };
		22410F670A6716CD0072CAA6 /* Reggy.icns */ = {isa = PBXFileReference; lastKnownFileType = image.icns; path = Reggy.icns; sourceTree = "<group>"; };
		227109E70C7DE24A00538922 /* SSToolbarResizeView.h */ = {isa = PBXFileReference; fileEncoding = 4; lastKnownFileType = sourcecode.c.h; path = SSToolbarResizeView.h; sourceTree = "<group>"; };
		227109E80C7DE24A00538922 /* SSToolbarResizeView.m */ = {isa = PBXFileReference; fileEncoding = 4; lastKnownFileType = sourcecode.c.objc; path = SSToolbarResizeView.m; sourceTree = "<group>"; };
		227A70ED0C7E2AA50018FF35 /* itunes_buttons.png */ = {isa = PBXFileReference; lastKnownFileType = image.png; path = itunes_buttons.png; sourceTree = "<group>"; };
		227A70F70C7E33D50018FF35 /* drawer_toggle_alt.png */ = {isa = PBXFileReference; lastKnownFileType = image.png; path = drawer_toggle_alt.png; sourceTree = "<group>"; };
		227A70F80C7E33D50018FF35 /* drawer_toggle.png */ = {isa = PBXFileReference; lastKnownFileType = image.png; path = drawer_toggle.png; sourceTree = "<group>"; };
		228223000C7DD7E300A554BD /* NSBezierPath_SSAdditions.h */ = {isa = PBXFileReference; fileEncoding = 4; lastKnownFileType = sourcecode.c.h; path = NSBezierPath_SSAdditions.h; sourceTree = "<group>"; };
		228223010C7DD7E300A554BD /* NSBezierPath_SSAdditions.m */ = {isa = PBXFileReference; fileEncoding = 4; lastKnownFileType = sourcecode.c.objc; path = NSBezierPath_SSAdditions.m; sourceTree = "<group>"; };
		228223020C7DD7E300A554BD /* SSToolbarView.h */ = {isa = PBXFileReference; fileEncoding = 4; lastKnownFileType = sourcecode.c.h; path = SSToolbarView.h; sourceTree = "<group>"; };
		228223030C7DD7E300A554BD /* SSToolbarView.m */ = {isa = PBXFileReference; fileEncoding = 4; lastKnownFileType = sourcecode.c.objc; path = SSToolbarView.m; sourceTree = "<group>"; };
		228223230C7DD8C800A554BD /* Quartz.framework */ = {isa = PBXFileReference; lastKnownFileType = wrapper.framework; name = Quartz.framework; path = /System/Library/Frameworks/Quartz.framework; sourceTree = "<absolute>"; };
		2283EF760A67D6A000B3EC50 /* error.png */ = {isa = PBXFileReference; lastKnownFileType = image.png; path = error.png; sourceTree = "<group>"; };
		229F24DA0C02A55300556CD2 /* Sparkle.framework */ = {isa = PBXFileReference; lastKnownFileType = wrapper.framework; path = Sparkle.framework; sourceTree = "<group>"; };
		22A61A160A66C4AD004DAC52 /* OgreKit.framework */ = {isa = PBXFileReference; lastKnownFileType = wrapper.framework; name = OgreKit.framework; path = /Library/Frameworks/OgreKit.framework; sourceTree = "<absolute>"; };
		22AAF7E50A67404B002FE5E5 /* Credits.rtf */ = {isa = PBXFileReference; lastKnownFileType = text.rtf; path = Credits.rtf; sourceTree = "<group>"; };
		22C64DBB0BA4F3D000DC4C4A /* Reggy.sdef */ = {isa = PBXFileReference; fileEncoding = 4; lastKnownFileType = text.sdef; path = Reggy.sdef; sourceTree = "<group>"; };
		22C64E9F0BA4FC4600DC4C4A /* ReggySuite.scriptSuite */ = {isa = PBXFileReference; fileEncoding = 4; lastKnownFileType = text.xml; path = ReggySuite.scriptSuite; sourceTree = "<group>"; };
		22C64EA00BA4FC4600DC4C4A /* ReggySuite.scriptTerminology */ = {isa = PBXFileReference; fileEncoding = 4; lastKnownFileType = text.xml; path = ReggySuite.scriptTerminology; sourceTree = "<group>"; };
		22EB0B740C79F5A8009E882A /* plus-8.png */ = {isa = PBXFileReference; lastKnownFileType = image.png; path = "plus-8.png"; sourceTree = "<group>"; };
		22F93FAF0A65E6F8002339E4 /* ReggyController.h */ = {isa = PBXFileReference; fileEncoding = 4; lastKnownFileType = sourcecode.c.h; path = ReggyController.h; sourceTree = "<group>"; };
		22F93FB00A65E6F8002339E4 /* ReggyController.m */ = {isa = PBXFileReference; fileEncoding = 4; lastKnownFileType = sourcecode.c.objc; path = ReggyController.m; sourceTree = "<group>"; };
		29B97316FDCFA39411CA2CEA /* main.m */ = {isa = PBXFileReference; fileEncoding = 4; lastKnownFileType = sourcecode.c.objc; path = main.m; sourceTree = "<group>"; };
		29B97319FDCFA39411CA2CEA /* English */ = {isa = PBXFileReference; lastKnownFileType = wrapper.nib; name = English; path = English.lproj/MainMenu.nib; sourceTree = "<group>"; };
		29B97324FDCFA39411CA2CEA /* AppKit.framework */ = {isa = PBXFileReference; lastKnownFileType = wrapper.framework; name = AppKit.framework; path = /System/Library/Frameworks/AppKit.framework; sourceTree = "<absolute>"; };
		29B97325FDCFA39411CA2CEA /* Foundation.framework */ = {isa = PBXFileReference; lastKnownFileType = wrapper.framework; name = Foundation.framework; path = /System/Library/Frameworks/Foundation.framework; sourceTree = "<absolute>"; };
		32CA4F630368D1EE00C91783 /* Reggy_Prefix.pch */ = {isa = PBXFileReference; fileEncoding = 4; lastKnownFileType = sourcecode.c.h; path = Reggy_Prefix.pch; sourceTree = "<group>"; };
		8D1107310486CEB800E47090 /* Info.plist */ = {isa = PBXFileReference; fileEncoding = 4; lastKnownFileType = text.plist; path = Info.plist; sourceTree = "<group>"; };
		8D1107320486CEB800E47090 /* Reggy.app */ = {isa = PBXFileReference; explicitFileType = wrapper.application; includeInIndex = 0; path = Reggy.app; sourceTree = BUILT_PRODUCTS_DIR; };
/* End PBXFileReference section */

/* Begin PBXFrameworksBuildPhase section */
		8D11072E0486CEB800E47090 /* Frameworks */ = {
			isa = PBXFrameworksBuildPhase;
			buildActionMask = 2147483647;
			files = (
				22A61A410A66C532004DAC52 /* OgreKit.framework in Frameworks */,
				8D11072F0486CEB800E47090 /* Cocoa.framework in Frameworks */,
				229F24DB0C02A55300556CD2 /* Sparkle.framework in Frameworks */,
				228223240C7DD8C800A554BD /* Quartz.framework in Frameworks */,
			);
			runOnlyForDeploymentPostprocessing = 0;
		};
/* End PBXFrameworksBuildPhase section */

/* Begin PBXGroup section */
		080E96DDFE201D6D7F000001 /* Classes */ = {
			isa = PBXGroup;
			children = (
				228223000C7DD7E300A554BD /* NSBezierPath_SSAdditions.h */,
				228223010C7DD7E300A554BD /* NSBezierPath_SSAdditions.m */,
				228223020C7DD7E300A554BD /* SSToolbarView.h */,
				228223030C7DD7E300A554BD /* SSToolbarView.m */,
				223A62CE0BC48B8D00DB54F9 /* DBPrefsWindowController.h */,
				223A62CF0BC48B8D00DB54F9 /* DBPrefsWindowController.m */,
				22AAF7940A673981002FE5E5 /* RBSplitView */,
				22F93FAF0A65E6F8002339E4 /* ReggyController.h */,
				22F93FB00A65E6F8002339E4 /* ReggyController.m */,
				223A62D20BC48BBD00DB54F9 /* ReggyPrefsWindowController.h */,
				223A62D30BC48BBD00DB54F9 /* ReggyPrefsWindowController.m */,
				227109E70C7DE24A00538922 /* SSToolbarResizeView.h */,
				227109E80C7DE24A00538922 /* SSToolbarResizeView.m */,
			);
			name = Classes;
			sourceTree = "<group>";
		};
		1058C7A0FEA54F0111CA2CBB /* Linked Frameworks */ = {
			isa = PBXGroup;
			children = (
				229F24DA0C02A55300556CD2 /* Sparkle.framework */,
				1058C7A1FEA54F0111CA2CBB /* Cocoa.framework */,
			);
			name = "Linked Frameworks";
			sourceTree = "<group>";
		};
		1058C7A2FEA54F0111CA2CBB /* Other Frameworks */ = {
			isa = PBXGroup;
			children = (
				22A61A160A66C4AD004DAC52 /* OgreKit.framework */,
				29B97324FDCFA39411CA2CEA /* AppKit.framework */,
				13E42FB307B3F0F600E4EEF1 /* CoreData.framework */,
				29B97325FDCFA39411CA2CEA /* Foundation.framework */,
			);
			name = "Other Frameworks";
			sourceTree = "<group>";
		};
		19C28FACFE9D520D11CA2CBB /* Products */ = {
			isa = PBXGroup;
			children = (
				8D1107320486CEB800E47090 /* Reggy.app */,
			);
			name = Products;
			sourceTree = "<group>";
		};
		22AAF7940A673981002FE5E5 /* RBSplitView */ = {
			isa = PBXGroup;
			children = (
				2227DBD00A65C37600AD0849 /* RBSplitViewPrivateDefines.h */,
				2227DBD10A65C37600AD0849 /* RBSplitView.m */,
				2227DBD20A65C37600AD0849 /* RBSplitView.h */,
				2227DBD30A65C37600AD0849 /* RBSplitSubview.h */,
				2227DBD40A65C37600AD0849 /* RBSplitSubview.m */,
			);
			name = RBSplitView;
			sourceTree = "<group>";
		};
		29B97314FDCFA39411CA2CEA /* Reggy */ = {
			isa = PBXGroup;
			children = (
				080E96DDFE201D6D7F000001 /* Classes */,
				29B97315FDCFA39411CA2CEA /* Other Sources */,
				29B97317FDCFA39411CA2CEA /* Resources */,
				29B97323FDCFA39411CA2CEA /* Frameworks */,
				19C28FACFE9D520D11CA2CBB /* Products */,
			);
			name = Reggy;
			sourceTree = "<group>";
		};
		29B97315FDCFA39411CA2CEA /* Other Sources */ = {
			isa = PBXGroup;
			children = (
				32CA4F630368D1EE00C91783 /* Reggy_Prefix.pch */,
				29B97316FDCFA39411CA2CEA /* main.m */,
			);
			name = "Other Sources";
			sourceTree = "<group>";
		};
		29B97317FDCFA39411CA2CEA /* Resources */ = {
			isa = PBXGroup;
			children = (
				227A70F70C7E33D50018FF35 /* drawer_toggle_alt.png */,
				227A70F80C7E33D50018FF35 /* drawer_toggle.png */,
				227A70ED0C7E2AA50018FF35 /* itunes_buttons.png */,
				22EB0B740C79F5A8009E882A /* plus-8.png */,
				223A62E90BC4908800DB54F9 /* Updates.tiff */,
				223A62EA0BC4908800DB54F9 /* Colors.tiff */,
				223A62EB0BC4908800DB54F9 /* Advanced.png */,
				223A62EC0BC4908800DB54F9 /* General.png */,
				22C64E9F0BA4FC4600DC4C4A /* ReggySuite.scriptSuite */,
				22C64EA00BA4FC4600DC4C4A /* ReggySuite.scriptTerminology */,
				22C64DBB0BA4F3D000DC4C4A /* Reggy.sdef */,
				2283EF760A67D6A000B3EC50 /* error.png */,
				22AAF7E50A67404B002FE5E5 /* Credits.rtf */,
				22410F670A6716CD0072CAA6 /* Reggy.icns */,
				8D1107310486CEB800E47090 /* Info.plist */,
				089C165CFE840E0CC02AAC07 /* InfoPlist.strings */,
				223A62E40BC48CF800DB54F9 /* Preferences.nib */,
				29B97318FDCFA39411CA2CEA /* MainMenu.nib */,
			);
			name = Resources;
			sourceTree = "<group>";
		};
		29B97323FDCFA39411CA2CEA /* Frameworks */ = {
			isa = PBXGroup;
			children = (
				228223230C7DD8C800A554BD /* Quartz.framework */,
				1058C7A0FEA54F0111CA2CBB /* Linked Frameworks */,
				1058C7A2FEA54F0111CA2CBB /* Other Frameworks */,
			);
			name = Frameworks;
			sourceTree = "<group>";
		};
/* End PBXGroup section */

/* Begin PBXNativeTarget section */
		8D1107260486CEB800E47090 /* Reggy */ = {
			isa = PBXNativeTarget;
			buildConfigurationList = C01FCF4A08A954540054247B /* Build configuration list for PBXNativeTarget "Reggy" */;
			buildPhases = (
				22A61A200A66C4F2004DAC52 /* CopyFiles */,
				8D1107290486CEB800E47090 /* Resources */,
				8D11072C0486CEB800E47090 /* Sources */,
				8D11072E0486CEB800E47090 /* Frameworks */,
			);
			buildRules = (
			);
			dependencies = (
			);
			name = Reggy;
			productInstallPath = "$(HOME)/Applications";
			productName = Reggy;
			productReference = 8D1107320486CEB800E47090 /* Reggy.app */;
			productType = "com.apple.product-type.application";
		};
/* End PBXNativeTarget section */

/* Begin PBXProject section */
		29B97313FDCFA39411CA2CEA /* Project object */ = {
			isa = PBXProject;
			buildConfigurationList = C01FCF4E08A954540054247B /* Build configuration list for PBXProject "Reggy" */;
			hasScannedForEncodings = 1;
			mainGroup = 29B97314FDCFA39411CA2CEA /* Reggy */;
			projectDirPath = "";
			targets = (
				8D1107260486CEB800E47090 /* Reggy */,
			);
		};
/* End PBXProject section */

/* Begin PBXResourcesBuildPhase section */
		8D1107290486CEB800E47090 /* Resources */ = {
			isa = PBXResourcesBuildPhase;
			buildActionMask = 2147483647;
			files = (
				8D11072A0486CEB800E47090 /* MainMenu.nib in Resources */,
				8D11072B0486CEB800E47090 /* InfoPlist.strings in Resources */,
				22410F680A6716CD0072CAA6 /* Reggy.icns in Resources */,
				22AAF7E60A67404B002FE5E5 /* Credits.rtf in Resources */,
				2283EF770A67D6A000B3EC50 /* error.png in Resources */,
				22C64DBC0BA4F3D000DC4C4A /* Reggy.sdef in Resources */,
				22C64EA10BA4FC4600DC4C4A /* ReggySuite.scriptSuite in Resources */,
				22C64EA20BA4FC4600DC4C4A /* ReggySuite.scriptTerminology in Resources */,
				223A62E50BC48CF800DB54F9 /* Preferences.nib in Resources */,
				223A62ED0BC4908800DB54F9 /* Updates.tiff in Resources */,
				223A62EE0BC4908800DB54F9 /* Colors.tiff in Resources */,
				223A62EF0BC4908800DB54F9 /* Advanced.png in Resources */,
				223A62F00BC4908800DB54F9 /* General.png in Resources */,
				22EB0B750C79F5A8009E882A /* plus-8.png in Resources */,
				227A70EE0C7E2AA60018FF35 /* itunes_buttons.png in Resources */,
				227A70F90C7E33D50018FF35 /* drawer_toggle_alt.png in Resources */,
				227A70FA0C7E33D50018FF35 /* drawer_toggle.png in Resources */,
			);
			runOnlyForDeploymentPostprocessing = 0;
		};
/* End PBXResourcesBuildPhase section */

/* Begin PBXSourcesBuildPhase section */
		8D11072C0486CEB800E47090 /* Sources */ = {
			isa = PBXSourcesBuildPhase;
			buildActionMask = 2147483647;
			files = (
				8D11072D0486CEB800E47090 /* main.m in Sources */,
				2227DBD50A65C37600AD0849 /* RBSplitView.m in Sources */,
				2227DBD60A65C37600AD0849 /* RBSplitSubview.m in Sources */,
				22F93FB10A65E6F8002339E4 /* ReggyController.m in Sources */,
				223A62D10BC48B8D00DB54F9 /* DBPrefsWindowController.m in Sources */,
				223A62D50BC48BBD00DB54F9 /* ReggyPrefsWindowController.m in Sources */,
				228223050C7DD7E400A554BD /* NSBezierPath_SSAdditions.m in Sources */,
				228223070C7DD7E400A554BD /* SSToolbarView.m in Sources */,
				227109EA0C7DE24A00538922 /* SSToolbarResizeView.m in Sources */,
			);
			runOnlyForDeploymentPostprocessing = 0;
		};
/* End PBXSourcesBuildPhase section */

/* Begin PBXVariantGroup section */
		089C165CFE840E0CC02AAC07 /* InfoPlist.strings */ = {
			isa = PBXVariantGroup;
			children = (
				089C165DFE840E0CC02AAC07 /* English */,
			);
			name = InfoPlist.strings;
			sourceTree = "<group>";
		};
		29B97318FDCFA39411CA2CEA /* MainMenu.nib */ = {
			isa = PBXVariantGroup;
			children = (
				29B97319FDCFA39411CA2CEA /* English */,
			);
			name = MainMenu.nib;
			sourceTree = "<group>";
		};
/* End PBXVariantGroup section */

/* Begin XCBuildConfiguration section */
		C01FCF4B08A954540054247B /* Debug */ = {
			isa = XCBuildConfiguration;
			buildSettings = {
				ARCHS = ppc;
				COPY_PHASE_STRIP = NO;
				FRAMEWORK_SEARCH_PATHS = (
					"$(inherited)",
					"$(FRAMEWORK_SEARCH_PATHS_QUOTED_1)",
					"$(FRAMEWORK_SEARCH_PATHS_QUOTED_2)",
				);
				FRAMEWORK_SEARCH_PATHS_QUOTED_1 = "\"$(SRCROOT)/../Builds/Release\"";
				FRAMEWORK_SEARCH_PATHS_QUOTED_2 = "\"$(SRCROOT)\"";
				GCC_DYNAMIC_NO_PIC = NO;
				GCC_ENABLE_FIX_AND_CONTINUE = YES;
				GCC_MODEL_TUNING = G5;
				GCC_OPTIMIZATION_LEVEL = 0;
				GCC_TREAT_WARNINGS_AS_ERRORS = YES;
				INFOPLIST_FILE = Info.plist;
				INSTALL_PATH = "$(HOME)/Applications";
				LIBRARY_SEARCH_PATHS = (
					"$(inherited)",
					"$(LIBRARY_SEARCH_PATHS_QUOTED_1)",
				);
				LIBRARY_SEARCH_PATHS_QUOTED_1 = "\"$(SRCROOT)\"";
				PRODUCT_NAME = Reggy;
				WRAPPER_EXTENSION = app;
				ZERO_LINK = NO;
			};
			name = Debug;
		};
		C01FCF4C08A954540054247B /* Release */ = {
			isa = XCBuildConfiguration;
			buildSettings = {
				ARCHS = (
					ppc,
					i386,
				);
				FRAMEWORK_SEARCH_PATHS = (
					"$(inherited)",
					"$(FRAMEWORK_SEARCH_PATHS_QUOTED_1)",
					"$(FRAMEWORK_SEARCH_PATHS_QUOTED_2)",
				);
				FRAMEWORK_SEARCH_PATHS_QUOTED_1 = "\"$(SRCROOT)/../Builds/Release\"";
				FRAMEWORK_SEARCH_PATHS_QUOTED_2 = "\"$(SRCROOT)\"";
				GCC_GENERATE_DEBUGGING_SYMBOLS = NO;
				GCC_MODEL_TUNING = G5;
				GCC_TREAT_WARNINGS_AS_ERRORS = YES;
				INFOPLIST_FILE = Info.plist;
				INSTALL_PATH = "$(HOME)/Applications";
				LIBRARY_SEARCH_PATHS = (
					"$(inherited)",
					"$(LIBRARY_SEARCH_PATHS_QUOTED_1)",
				);
				LIBRARY_SEARCH_PATHS_QUOTED_1 = "\"$(SRCROOT)\"";
				PRODUCT_NAME = Reggy;
				WRAPPER_EXTENSION = app;
				ZERO_LINK = NO;
			};
			name = Release;
		};
		C01FCF4F08A954540054247B /* Debug */ = {
			isa = XCBuildConfiguration;
			buildSettings = {
				ARCHS = (
					ppc,
					i386,
				);
				GCC_C_LANGUAGE_STANDARD = c99;
				GCC_TREAT_WARNINGS_AS_ERRORS = NO;
				GCC_WARN_ABOUT_RETURN_TYPE = YES;
				GCC_WARN_UNUSED_VARIABLE = YES;
				PREBINDING = NO;
				SDKROOT = /Developer/SDKs/MacOSX10.4u.sdk;
			};
			name = Debug;
		};
		C01FCF5008A954540054247B /* Release */ = {
			isa = XCBuildConfiguration;
			buildSettings = {
				ARCHS = (
					ppc,
					i386,
				);
				GCC_C_LANGUAGE_STANDARD = c99;
				GCC_TREAT_WARNINGS_AS_ERRORS = NO;
				GCC_WARN_ABOUT_RETURN_TYPE = YES;
				GCC_WARN_UNUSED_VARIABLE = YES;
				PREBINDING = NO;
				SDKROOT = /Developer/SDKs/MacOSX10.4u.sdk;
			};
			name = Release;
		};
/* End XCBuildConfiguration section */

/* Begin XCConfigurationList section */
		C01FCF4A08A954540054247B /* Build configuration list for PBXNativeTarget "Reggy" */ = {
			isa = XCConfigurationList;
			buildConfigurations = (
				C01FCF4B08A954540054247B /* Debug */,
				C01FCF4C08A954540054247B /* Release */,
			);
			defaultConfigurationIsVisible = 0;
			defaultConfigurationName = Release;
		};
		C01FCF4E08A954540054247B /* Build configuration list for PBXProject "Reggy" */ = {
			isa = XCConfigurationList;
			buildConfigurations = (
				C01FCF4F08A954540054247B /* Debug */,
				C01FCF5008A954540054247B /* Release */,
			);
			defaultConfigurationIsVisible = 0;
			defaultConfigurationName = Release;
		};
/* End XCConfigurationList section */
	};
	rootObject = 29B97313FDCFA39411CA2CEA /* Project object */;
}
